
Microsoft Visual Studio Solution File, Format Version 12.00
# Visual Studio Version 17
VisualStudioVersion = 17.11.35327.3
MinimumVisualStudioVersion = 10.0.40219.1
Project("{FAE04EC0-301F-11D3-BF4B-00C04F79EFBC}") = "MaiorIdade", "MaiorIdade\MaiorIdade.csproj", "{CC750A08-DA09-4BCD-8B91-58BF1FBBEFB2}"
EndProject
Project("{FAE04EC0-301F-11D3-BF4B-00C04F79EFBC}") = "ControleAnimais", "ControleAnimais\ControleAnimais.csproj", "{1C78C23F-1F05-4CD1-95D5-5DCFA97CA6B5}"
EndProject
Global
	GlobalSection(SolutionConfigurationPlatforms) = preSolution
		Debug|Any CPU = Debug|Any CPU
		Release|Any CPU = Release|Any CPU
	EndGlobalSection
	GlobalSection(ProjectConfigurationPlatforms) = postSolution
		{CC750A08-DA09-4BCD-8B91-58BF1FBBEFB2}.Debug|Any CPU.ActiveCfg = Debug|Any CPU
		{CC750A08-DA09-4BCD-8B91-58BF1FBBEFB2}.Debug|Any CPU.Build.0 = Debug|Any CPU
		{CC750A08-DA09-4BCD-8B91-58BF1FBBEFB2}.Release|Any CPU.ActiveCfg = Release|Any CPU
		{CC750A08-DA09-4BCD-8B91-58BF1FBBEFB2}.Release|Any CPU.Build.0 = Release|Any CPU
		{1C78C23F-1F05-4CD1-95D5-5DCFA97CA6B5}.Debug|Any CPU.ActiveCfg = Debug|Any CPU
		{1C78C23F-1F05-4CD1-95D5-5DCFA97CA6B5}.Debug|Any CPU.Build.0 = Debug|Any CPU
		{1C78C23F-1F05-4CD1-95D5-5DCFA97CA6B5}.Release|Any CPU.ActiveCfg = Release|Any CPU
		{1C78C23F-1F05-4CD1-95D5-5DCFA97CA6B5}.Release|Any CPU.Build.0 = Release|Any CPU
	EndGlobalSection
	GlobalSection(SolutionProperties) = preSolution
		HideSolutionNode = FALSE
	EndGlobalSection
	GlobalSection(ExtensibilityGlobals) = postSolution
		SolutionGuid = {DD10B84A-BCFD-41CD-99BD-EA07BB0AF099}
	EndGlobalSection
EndGlobal
